PODS:
  - Sourcery (0.12.0)
  - SwiftLint (0.25.1)

DEPENDENCIES:
  - Sourcery (> 0.8)
  - SwiftLint

SPEC REPOS:
  https://github.com/CocoaPods/Specs.git:
    - Sourcery
    - SwiftLint

SPEC CHECKSUMS:
  Sourcery: 10fa92cd8890864856ee3657ca460d597ebc064b
  SwiftLint: ce933681be10c3266e82576dad676fa815a602e9

PODFILE CHECKSUM: 8daaa4726f3a6a7e2f4c5722cc88106bc62b1efa

COCOAPODS: 1.5.0
