// !$*UTF8*$!
{
	archiveVersion = 1;
	classes = {
	};
	objectVersion = 46;
	objects = {

/* Begin PBXBuildFile section */
		46BEA0BF4EEF8F755FDE733F /* libPods-Framework-ViewComposer.a in Frameworks */ = {isa = PBXBuildFile; fileRef = B5DB916982F7EA9466E6B761 /* libPods-Framework-ViewComposer.a */; };
		48013B3920934A870080BB4F /* UICollectionView+MakeableByProxy.swift in Sources */ = {isa = PBXBuildFile; fileRef = 48013B3820934A870080BB4F /* UICollectionView+MakeableByProxy.swift */; };
		48013B3D209353D30080BB4F /* CollectionViewStyleTests.swift in Sources */ = {isa = PBXBuildFile; fileRef = 48013B3B209353CF0080BB4F /* CollectionViewStyleTests.swift */; };
		48013B3F2093543A0080BB4F /* CollectionViewStyle.swift in Sources */ = {isa = PBXBuildFile; fileRef = 48013B3E2093543A0080BB4F /* CollectionViewStyle.swift */; };
		48013B422093545F0080BB4F /* CollectionViewAttribute.swift in Sources */ = {isa = PBXBuildFile; fileRef = 48013B412093545F0080BB4F /* CollectionViewAttribute.swift */; };
		48013B44209354800080BB4F /* CollectionViewAttribute+Attributes.swift in Sources */ = {isa = PBXBuildFile; fileRef = 48013B43209354800080BB4F /* CollectionViewAttribute+Attributes.swift */; };
		48013B462093549E0080BB4F /* CollectionViewAttribute+Names.swift in Sources */ = {isa = PBXBuildFile; fileRef = 48013B452093549E0080BB4F /* CollectionViewAttribute+Names.swift */; };
		48013B472093597B0080BB4F /* Macros.swift in Sources */ = {isa = PBXBuildFile; fileRef = 482B41C02091287D00654FA7 /* Macros.swift */; };
		4816818C1EDD53EE004E3DD0 /* ViewComposer.framework in Frameworks */ = {isa = PBXBuildFile; fileRef = 481681821EDD53EE004E3DD0 /* ViewComposer.framework */; };
		482B413D2091286800654FA7 /* Array.swift in Sources */ = {isa = PBXBuildFile; fileRef = 482B41122091286800654FA7 /* Array.swift */; };
		482B413E2091286800654FA7 /* UIView_Extension.swift in Sources */ = {isa = PBXBuildFile; fileRef = 482B41132091286800654FA7 /* UIView_Extension.swift */; };
		482B413F2091286800654FA7 /* LabelStyle.swift in Sources */ = {isa = PBXBuildFile; fileRef = 482B41162091286800654FA7 /* LabelStyle.swift */; };
		482B41402091286800654FA7 /* TextFieldStyle.swift in Sources */ = {isa = PBXBuildFile; fileRef = 482B41172091286800654FA7 /* TextFieldStyle.swift */; };
		482B41412091286800654FA7 /* StackViewStyle.swift in Sources */ = {isa = PBXBuildFile; fileRef = 482B41182091286800654FA7 /* StackViewStyle.swift */; };
		482B41422091286800654FA7 /* ViewStyle.swift in Sources */ = {isa = PBXBuildFile; fileRef = 482B41192091286800654FA7 /* ViewStyle.swift */; };
		482B41432091286800654FA7 /* Makeable.swift in Sources */ = {isa = PBXBuildFile; fileRef = 482B411B2091286800654FA7 /* Makeable.swift */; };
		482B41442091286800654FA7 /* UIStackView+Makeable.swift in Sources */ = {isa = PBXBuildFile; fileRef = 482B411D2091286800654FA7 /* UIStackView+Makeable.swift */; };
		482B41452091286800654FA7 /* UILabel+Makeable.swift in Sources */ = {isa = PBXBuildFile; fileRef = 482B411E2091286800654FA7 /* UILabel+Makeable.swift */; };
		482B41462091286800654FA7 /* StackViewAttribute+Names.swift in Sources */ = {isa = PBXBuildFile; fileRef = 482B41222091286800654FA7 /* StackViewAttribute+Names.swift */; };
		482B41472091286800654FA7 /* StackViewAttribute+Attributes.swift in Sources */ = {isa = PBXBuildFile; fileRef = 482B41232091286800654FA7 /* StackViewAttribute+Attributes.swift */; };
		482B41482091286800654FA7 /* StackViewAttribute.swift in Sources */ = {isa = PBXBuildFile; fileRef = 482B41242091286800654FA7 /* StackViewAttribute.swift */; };
		482B41492091286800654FA7 /* LabelAttribute.swift in Sources */ = {isa = PBXBuildFile; fileRef = 482B41262091286800654FA7 /* LabelAttribute.swift */; };
		482B414A2091286800654FA7 /* LabelAttribute+Attributes.swift in Sources */ = {isa = PBXBuildFile; fileRef = 482B41272091286800654FA7 /* LabelAttribute+Attributes.swift */; };
		482B414B2091286800654FA7 /* LabelAttribute+Names.swift in Sources */ = {isa = PBXBuildFile; fileRef = 482B41282091286800654FA7 /* LabelAttribute+Names.swift */; };
		482B414C2091286800654FA7 /* TextFieldAttribute+Attributes.swift in Sources */ = {isa = PBXBuildFile; fileRef = 482B412A2091286800654FA7 /* TextFieldAttribute+Attributes.swift */; };
		482B414D2091286800654FA7 /* TextFieldAttribute.swift in Sources */ = {isa = PBXBuildFile; fileRef = 482B412B2091286800654FA7 /* TextFieldAttribute.swift */; };
		482B414E2091286800654FA7 /* TextFieldAttribute+Names.swift in Sources */ = {isa = PBXBuildFile; fileRef = 482B412C2091286800654FA7 /* TextFieldAttribute+Names.swift */; };
		482B414F2091286800654FA7 /* BaseAttributeProtocol.swift in Sources */ = {isa = PBXBuildFile; fileRef = 482B412D2091286800654FA7 /* BaseAttributeProtocol.swift */; };
		482B41502091286800654FA7 /* BaseAttribute+Attributes.swift in Sources */ = {isa = PBXBuildFile; fileRef = 482B412F2091286800654FA7 /* BaseAttribute+Attributes.swift */; };
		482B41512091286800654FA7 /* BaseAttribute+Names.swift in Sources */ = {isa = PBXBuildFile; fileRef = 482B41302091286800654FA7 /* BaseAttribute+Names.swift */; };
		482B41522091286800654FA7 /* BaseAttribute.swift in Sources */ = {isa = PBXBuildFile; fileRef = 482B41312091286800654FA7 /* BaseAttribute.swift */; };
		482B41532091286800654FA7 /* Styleable.swift in Sources */ = {isa = PBXBuildFile; fileRef = 482B41332091286800654FA7 /* Styleable.swift */; };
		4868BECA20936A1000B9085D /* CollectionView.swift in Sources */ = {isa = PBXBuildFile; fileRef = 4868BEC920936A1000B9085D /* CollectionView.swift */; };
		486A4F752095D5C90059ADAE /* UITableView+MakeableByProxy.swift in Sources */ = {isa = PBXBuildFile; fileRef = 486A4F742095D5C90059ADAE /* UITableView+MakeableByProxy.swift */; };
		486A4F772095D5E60059ADAE /* TableViewStyle.swift in Sources */ = {isa = PBXBuildFile; fileRef = 486A4F762095D5E60059ADAE /* TableViewStyle.swift */; };
		486A4F7A2095D64C0059ADAE /* TableViewAttribute.swift in Sources */ = {isa = PBXBuildFile; fileRef = 486A4F792095D64C0059ADAE /* TableViewAttribute.swift */; };
		486A4F7C2095D69E0059ADAE /* TableViewAttribute+Attributes.swift in Sources */ = {isa = PBXBuildFile; fileRef = 486A4F7B2095D69E0059ADAE /* TableViewAttribute+Attributes.swift */; };
		486A4F7E2095D6C60059ADAE /* TableViewAttribute+Names.swift in Sources */ = {isa = PBXBuildFile; fileRef = 486A4F7D2095D6C60059ADAE /* TableViewAttribute+Names.swift */; };
		486A4F842095D8400059ADAE /* UITableView_Style_Tests.swift in Sources */ = {isa = PBXBuildFile; fileRef = 486A4F802095D7950059ADAE /* UITableView_Style_Tests.swift */; };
		486A4F852095D8450059ADAE /* UITableView_Makeable_Tests.swift in Sources */ = {isa = PBXBuildFile; fileRef = 486A4F822095D7C90059ADAE /* UITableView_Makeable_Tests.swift */; };
		486A4F872095DB3A0059ADAE /* TableView.swift in Sources */ = {isa = PBXBuildFile; fileRef = 486A4F862095DB3A0059ADAE /* TableView.swift */; };
		488DCC51209130EF006A89C1 /* ViewComposer.h in Headers */ = {isa = PBXBuildFile; fileRef = 488DCC50209130EF006A89C1 /* ViewComposer.h */; settings = {ATTRIBUTES = (Public, ); }; };
		48BAB4F9209330AE00D5B03C /* StyleProtocol.swift in Sources */ = {isa = PBXBuildFile; fileRef = 48BAB4F8209330AE00D5B03C /* StyleProtocol.swift */; };
		48BAB4FC2093324800D5B03C /* Style+Testing.swift in Sources */ = {isa = PBXBuildFile; fileRef = 48BAB4FA2093324200D5B03C /* Style+Testing.swift */; };
		48BAB502209333D000D5B03C /* TestUtils.swift in Sources */ = {isa = PBXBuildFile; fileRef = 48BAB5002093328600D5B03C /* TestUtils.swift */; };
		48BAB503209333D600D5B03C /* UIColor+Test.swift in Sources */ = {isa = PBXBuildFile; fileRef = 48BAB4FE2093327400D5B03C /* UIColor+Test.swift */; };
		48BAB506209334F000D5B03C /* FatalErrorUtil.swift in Sources */ = {isa = PBXBuildFile; fileRef = 48BAB505209334F000D5B03C /* FatalErrorUtil.swift */; };
		48CC57692091A78C001EB1DB /* ConvenienceAttributes.swift in Sources */ = {isa = PBXBuildFile; fileRef = 48CC57682091A78C001EB1DB /* ConvenienceAttributes.swift */; };
		48CC576B2091A7B9001EB1DB /* ConvenienceAttributes+Names.swift in Sources */ = {isa = PBXBuildFile; fileRef = 48CC576A2091A7B9001EB1DB /* ConvenienceAttributes+Names.swift */; };
		48DF45812092842900ED4326 /* TextViewAttribute.swift in Sources */ = {isa = PBXBuildFile; fileRef = 48DF45802092842900ED4326 /* TextViewAttribute.swift */; };
		48DF45832092845300ED4326 /* TextViewAttribute+Attributes.swift in Sources */ = {isa = PBXBuildFile; fileRef = 48DF45822092845300ED4326 /* TextViewAttribute+Attributes.swift */; };
		48DF4585209284BE00ED4326 /* TextViewAttribute+Names.swift in Sources */ = {isa = PBXBuildFile; fileRef = 48DF4584209284BE00ED4326 /* TextViewAttribute+Names.swift */; };
		48DF458A2092852200ED4326 /* TextOwner.swift in Sources */ = {isa = PBXBuildFile; fileRef = 48DF45892092852200ED4326 /* TextOwner.swift */; };
		48DF458C2092853700ED4326 /* TextOwner+Attributes.swift in Sources */ = {isa = PBXBuildFile; fileRef = 48DF458B2092853700ED4326 /* TextOwner+Attributes.swift */; };
		48DF458E2092854400ED4326 /* TextOwner+Names.swift in Sources */ = {isa = PBXBuildFile; fileRef = 48DF458D2092854400ED4326 /* TextOwner+Names.swift */; };
		48F17C242091A93100C070B2 /* ViewStyleTests.swift in Sources */ = {isa = PBXBuildFile; fileRef = 48F17C232091A93100C070B2 /* ViewStyleTests.swift */; };
		48F17C2C2091AAAA00C070B2 /* OperatorDeclaration.swift in Sources */ = {isa = PBXBuildFile; fileRef = 48F17C272091AA4900C070B2 /* OperatorDeclaration.swift */; };
		48F17C2D2091AEC400C070B2 /* MergeOperatorReturningStyle.swift in Sources */ = {isa = PBXBuildFile; fileRef = 48F17C292091AAA100C070B2 /* MergeOperatorReturningStyle.swift */; };
		7CA8FB99E0AA5099CE18216C /* libPods-Framework-ViewComposerTests.a in Frameworks */ = {isa = PBXBuildFile; fileRef = 4C625313D3BBEF054644C843 /* libPods-Framework-ViewComposerTests.a */; };
/* End PBXBuildFile section */

/* Begin PBXContainerItemProxy section */
		4816818D1EDD53EE004E3DD0 /* PBXContainerItemProxy */ = {
			isa = PBXContainerItemProxy;
			containerPortal = 481681791EDD53EE004E3DD0 /* Project object */;
			proxyType = 1;
			remoteGlobalIDString = 481681811EDD53EE004E3DD0;
			remoteInfo = ViewComposer;
		};
/* End PBXContainerItemProxy section */

/* Begin PBXFileReference section */
		48013B3820934A870080BB4F /* UICollectionView+MakeableByProxy.swift */ = {isa = PBXFileReference; lastKnownFileType = sourcecode.swift; path = "UICollectionView+MakeableByProxy.swift"; sourceTree = "<group>"; };
		48013B3B209353CF0080BB4F /* CollectionViewStyleTests.swift */ = {isa = PBXFileReference; lastKnownFileType = sourcecode.swift; path = CollectionViewStyleTests.swift; sourceTree = "<group>"; };
		48013B3E2093543A0080BB4F /* CollectionViewStyle.swift */ = {isa = PBXFileReference; lastKnownFileType = sourcecode.swift; path = CollectionViewStyle.swift; sourceTree = "<group>"; };
		48013B412093545F0080BB4F /* CollectionViewAttribute.swift */ = {isa = PBXFileReference; lastKnownFileType = sourcecode.swift; path = CollectionViewAttribute.swift; sourceTree = "<group>"; };
		48013B43209354800080BB4F /* CollectionViewAttribute+Attributes.swift */ = {isa = PBXFileReference; lastKnownFileType = sourcecode.swift; path = "CollectionViewAttribute+Attributes.swift"; sourceTree = "<group>"; };
		48013B452093549E0080BB4F /* CollectionViewAttribute+Names.swift */ = {isa = PBXFileReference; lastKnownFileType = sourcecode.swift; path = "CollectionViewAttribute+Names.swift"; sourceTree = "<group>"; };
		481681821EDD53EE004E3DD0 /* ViewComposer.framework */ = {isa = PBXFileReference; explicitFileType = wrapper.framework; includeInIndex = 0; path = ViewComposer.framework; sourceTree = BUILT_PRODUCTS_DIR; };
		4816818B1EDD53EE004E3DD0 /* ViewComposerTests.xctest */ = {isa = PBXFileReference; explicitFileType = wrapper.cfbundle; includeInIndex = 0; path = ViewComposerTests.xctest; sourceTree = BUILT_PRODUCTS_DIR; };
		482B41122091286800654FA7 /* Array.swift */ = {isa = PBXFileReference; fileEncoding = 4; lastKnownFileType = sourcecode.swift; path = Array.swift; sourceTree = "<group>"; };
		482B41132091286800654FA7 /* UIView_Extension.swift */ = {isa = PBXFileReference; fileEncoding = 4; lastKnownFileType = sourcecode.swift; path = UIView_Extension.swift; sourceTree = "<group>"; };
		482B41162091286800654FA7 /* LabelStyle.swift */ = {isa = PBXFileReference; fileEncoding = 4; lastKnownFileType = sourcecode.swift; path = LabelStyle.swift; sourceTree = "<group>"; };
		482B41172091286800654FA7 /* TextFieldStyle.swift */ = {isa = PBXFileReference; fileEncoding = 4; lastKnownFileType = sourcecode.swift; path = TextFieldStyle.swift; sourceTree = "<group>"; };
		482B41182091286800654FA7 /* StackViewStyle.swift */ = {isa = PBXFileReference; fileEncoding = 4; lastKnownFileType = sourcecode.swift; path = StackViewStyle.swift; sourceTree = "<group>"; };
		482B41192091286800654FA7 /* ViewStyle.swift */ = {isa = PBXFileReference; fileEncoding = 4; lastKnownFileType = sourcecode.swift; path = ViewStyle.swift; sourceTree = "<group>"; };
		482B411B2091286800654FA7 /* Makeable.swift */ = {isa = PBXFileReference; fileEncoding = 4; lastKnownFileType = sourcecode.swift; path = Makeable.swift; sourceTree = "<group>"; };
		482B411D2091286800654FA7 /* UIStackView+Makeable.swift */ = {isa = PBXFileReference; fileEncoding = 4; lastKnownFileType = sourcecode.swift; path = "UIStackView+Makeable.swift"; sourceTree = "<group>"; };
		482B411E2091286800654FA7 /* UILabel+Makeable.swift */ = {isa = PBXFileReference; fileEncoding = 4; lastKnownFileType = sourcecode.swift; path = "UILabel+Makeable.swift"; sourceTree = "<group>"; };
		482B41222091286800654FA7 /* StackViewAttribute+Names.swift */ = {isa = PBXFileReference; fileEncoding = 4; lastKnownFileType = sourcecode.swift; path = "StackViewAttribute+Names.swift"; sourceTree = "<group>"; };
		482B41232091286800654FA7 /* StackViewAttribute+Attributes.swift */ = {isa = PBXFileReference; fileEncoding = 4; lastKnownFileType = sourcecode.swift; path = "StackViewAttribute+Attributes.swift"; sourceTree = "<group>"; };
		482B41242091286800654FA7 /* StackViewAttribute.swift */ = {isa = PBXFileReference; fileEncoding = 4; lastKnownFileType = sourcecode.swift; path = StackViewAttribute.swift; sourceTree = "<group>"; };
		482B41262091286800654FA7 /* LabelAttribute.swift */ = {isa = PBXFileReference; fileEncoding = 4; lastKnownFileType = sourcecode.swift; path = LabelAttribute.swift; sourceTree = "<group>"; };
		482B41272091286800654FA7 /* LabelAttribute+Attributes.swift */ = {isa = PBXFileReference; fileEncoding = 4; lastKnownFileType = sourcecode.swift; path = "LabelAttribute+Attributes.swift"; sourceTree = "<group>"; };
		482B41282091286800654FA7 /* LabelAttribute+Names.swift */ = {isa = PBXFileReference; fileEncoding = 4; lastKnownFileType = sourcecode.swift; path = "LabelAttribute+Names.swift"; sourceTree = "<group>"; };
		482B412A2091286800654FA7 /* TextFieldAttribute+Attributes.swift */ = {isa = PBXFileReference; fileEncoding = 4; lastKnownFileType = sourcecode.swift; path = "TextFieldAttribute+Attributes.swift"; sourceTree = "<group>"; };
		482B412B2091286800654FA7 /* TextFieldAttribute.swift */ = {isa = PBXFileReference; fileEncoding = 4; lastKnownFileType = sourcecode.swift; path = TextFieldAttribute.swift; sourceTree = "<group>"; };
		482B412C2091286800654FA7 /* TextFieldAttribute+Names.swift */ = {isa = PBXFileReference; fileEncoding = 4; lastKnownFileType = sourcecode.swift; path = "TextFieldAttribute+Names.swift"; sourceTree = "<group>"; };
		482B412D2091286800654FA7 /* BaseAttributeProtocol.swift */ = {isa = PBXFileReference; fileEncoding = 4; lastKnownFileType = sourcecode.swift; path = BaseAttributeProtocol.swift; sourceTree = "<group>"; };
		482B412F2091286800654FA7 /* BaseAttribute+Attributes.swift */ = {isa = PBXFileReference; fileEncoding = 4; lastKnownFileType = sourcecode.swift; path = "BaseAttribute+Attributes.swift"; sourceTree = "<group>"; };
		482B41302091286800654FA7 /* BaseAttribute+Names.swift */ = {isa = PBXFileReference; fileEncoding = 4; lastKnownFileType = sourcecode.swift; path = "BaseAttribute+Names.swift"; sourceTree = "<group>"; };
		482B41312091286800654FA7 /* BaseAttribute.swift */ = {isa = PBXFileReference; fileEncoding = 4; lastKnownFileType = sourcecode.swift; path = BaseAttribute.swift; sourceTree = "<group>"; };
		482B41332091286800654FA7 /* Styleable.swift */ = {isa = PBXFileReference; fileEncoding = 4; lastKnownFileType = sourcecode.swift; path = Styleable.swift; sourceTree = "<group>"; };
		482B41582091287C00654FA7 /* Label.swift */ = {isa = PBXFileReference; lastKnownFileType = sourcecode.swift; path = Label.swift; sourceTree = "<group>"; };
		482B41592091287C00654FA7 /* StackView.swift */ = {isa = PBXFileReference; lastKnownFileType = sourcecode.swift; path = StackView.swift; sourceTree = "<group>"; };
		482B415A2091287D00654FA7 /* TextField.swift */ = {isa = PBXFileReference; lastKnownFileType = sourcecode.swift; path = TextField.swift; sourceTree = "<group>"; };
		482B415B2091287D00654FA7 /* TextView.swift */ = {isa = PBXFileReference; lastKnownFileType = sourcecode.swift; path = TextView.swift; sourceTree = "<group>"; };
		482B415C2091287D00654FA7 /* ImageView.swift */ = {isa = PBXFileReference; lastKnownFileType = sourcecode.swift; path = ImageView.swift; sourceTree = "<group>"; };
		482B415D2091287D00654FA7 /* Button.swift */ = {isa = PBXFileReference; lastKnownFileType = sourcecode.swift; path = Button.swift; sourceTree = "<group>"; };
		482B41602091287D00654FA7 /* Attributed+AssociatedValueEnumExtractor.swift */ = {isa = PBXFileReference; lastKnownFileType = sourcecode.swift; path = "Attributed+AssociatedValueEnumExtractor.swift"; sourceTree = "<group>"; };
		482B41612091287D00654FA7 /* Attributed+Array+Mergeable.swift */ = {isa = PBXFileReference; lastKnownFileType = sourcecode.swift; path = "Attributed+Array+Mergeable.swift"; sourceTree = "<group>"; };
		482B41622091287D00654FA7 /* Attributed+Optional.swift */ = {isa = PBXFileReference; lastKnownFileType = sourcecode.swift; path = "Attributed+Optional.swift"; sourceTree = "<group>"; };
		482B41632091287D00654FA7 /* Attributed+AssociatedValueStrippable.swift */ = {isa = PBXFileReference; lastKnownFileType = sourcecode.swift; path = "Attributed+AssociatedValueStrippable.swift"; sourceTree = "<group>"; };
		482B41642091287D00654FA7 /* Attributed+Collection.swift */ = {isa = PBXFileReference; lastKnownFileType = sourcecode.swift; path = "Attributed+Collection.swift"; sourceTree = "<group>"; };
		482B41652091287D00654FA7 /* Attributed.swift */ = {isa = PBXFileReference; lastKnownFileType = sourcecode.swift; path = Attributed.swift; sourceTree = "<group>"; };
		482B41662091287D00654FA7 /* Attributed+CustomAttributeMerger.swift */ = {isa = PBXFileReference; lastKnownFileType = sourcecode.swift; path = "Attributed+CustomAttributeMerger.swift"; sourceTree = "<group>"; };
		482B41672091287D00654FA7 /* Attributed+Mergeable.swift */ = {isa = PBXFileReference; lastKnownFileType = sourcecode.swift; path = "Attributed+Mergeable.swift"; sourceTree = "<group>"; };
		482B416B2091287D00654FA7 /* Composable.swift */ = {isa = PBXFileReference; lastKnownFileType = sourcecode.swift; path = Composable.swift; sourceTree = "<group>"; };
		482B416C2091287D00654FA7 /* Composable+UIView.swift */ = {isa = PBXFileReference; lastKnownFileType = sourcecode.swift; path = "Composable+UIView.swift"; sourceTree = "<group>"; };
		482B416D2091287D00654FA7 /* Composable+Styleable.swift */ = {isa = PBXFileReference; lastKnownFileType = sourcecode.swift; path = "Composable+Styleable.swift"; sourceTree = "<group>"; };
		482B41732091287D00654FA7 /* Array+Optional.swift */ = {isa = PBXFileReference; lastKnownFileType = sourcecode.swift; path = "Array+Optional.swift"; sourceTree = "<group>"; };
		482B41742091287D00654FA7 /* Dictionary_Extensions.swift */ = {isa = PBXFileReference; lastKnownFileType = sourcecode.swift; path = Dictionary_Extensions.swift; sourceTree = "<group>"; };
		482B41762091287D00654FA7 /* MergeOperatorReturningMakable.swift */ = {isa = PBXFileReference; lastKnownFileType = sourcecode.swift; path = MergeOperatorReturningMakable.swift; sourceTree = "<group>"; };
		482B41772091287D00654FA7 /* MergeOperatorReturningAttributed.swift */ = {isa = PBXFileReference; lastKnownFileType = sourcecode.swift; path = MergeOperatorReturningAttributed.swift; sourceTree = "<group>"; };
		482B41782091287D00654FA7 /* MergeOperatorReturningComposable.swift */ = {isa = PBXFileReference; lastKnownFileType = sourcecode.swift; path = MergeOperatorReturningComposable.swift; sourceTree = "<group>"; };
		482B41792091287D00654FA7 /* MergeOperators.swift */ = {isa = PBXFileReference; lastKnownFileType = sourcecode.swift; path = MergeOperators.swift; sourceTree = "<group>"; };
		482B417E2091287D00654FA7 /* ViewStyle+Optional+Operators.swift */ = {isa = PBXFileReference; lastKnownFileType = sourcecode.swift; path = "ViewStyle+Optional+Operators.swift"; sourceTree = "<group>"; };
		482B41802091287D00654FA7 /* UISlider+ViewStyle.swift */ = {isa = PBXFileReference; lastKnownFileType = sourcecode.swift; path = "UISlider+ViewStyle.swift"; sourceTree = "<group>"; };
		482B41812091287D00654FA7 /* UIActivityIndicatorView+ViewStyle.swift */ = {isa = PBXFileReference; lastKnownFileType = sourcecode.swift; path = "UIActivityIndicatorView+ViewStyle.swift"; sourceTree = "<group>"; };
		482B41822091287D00654FA7 /* UIControl+ViewStyle.swift */ = {isa = PBXFileReference; lastKnownFileType = sourcecode.swift; path = "UIControl+ViewStyle.swift"; sourceTree = "<group>"; };
		482B41832091287D00654FA7 /* UIButton+ViewStyle.swift */ = {isa = PBXFileReference; lastKnownFileType = sourcecode.swift; path = "UIButton+ViewStyle.swift"; sourceTree = "<group>"; };
		482B41842091287D00654FA7 /* UILabel+ViewStyle.swift */ = {isa = PBXFileReference; lastKnownFileType = sourcecode.swift; path = "UILabel+ViewStyle.swift"; sourceTree = "<group>"; };
		482B41852091287D00654FA7 /* UISwitch+ViewStyle.swift */ = {isa = PBXFileReference; lastKnownFileType = sourcecode.swift; path = "UISwitch+ViewStyle.swift"; sourceTree = "<group>"; };
		482B41862091287D00654FA7 /* UIProgressView+ViewStyle.swift */ = {isa = PBXFileReference; lastKnownFileType = sourcecode.swift; path = "UIProgressView+ViewStyle.swift"; sourceTree = "<group>"; };
		482B41872091287D00654FA7 /* UITableView+ViewStyle.swift */ = {isa = PBXFileReference; lastKnownFileType = sourcecode.swift; path = "UITableView+ViewStyle.swift"; sourceTree = "<group>"; };
		482B41882091287D00654FA7 /* UISearchBar+ViewStyle.swift */ = {isa = PBXFileReference; lastKnownFileType = sourcecode.swift; path = "UISearchBar+ViewStyle.swift"; sourceTree = "<group>"; };
		482B41892091287D00654FA7 /* UITextField+ViewStyle.swift */ = {isa = PBXFileReference; lastKnownFileType = sourcecode.swift; path = "UITextField+ViewStyle.swift"; sourceTree = "<group>"; };
		482B418A2091287D00654FA7 /* UIScrollView+ViewStyle.swift */ = {isa = PBXFileReference; lastKnownFileType = sourcecode.swift; path = "UIScrollView+ViewStyle.swift"; sourceTree = "<group>"; };
		482B418B2091287D00654FA7 /* UITextView+ViewStyle.swift */ = {isa = PBXFileReference; lastKnownFileType = sourcecode.swift; path = "UITextView+ViewStyle.swift"; sourceTree = "<group>"; };
		482B418C2091287D00654FA7 /* UIPageControl+ViewStyle.swift */ = {isa = PBXFileReference; lastKnownFileType = sourcecode.swift; path = "UIPageControl+ViewStyle.swift"; sourceTree = "<group>"; };
		482B418D2091287D00654FA7 /* UIStackView+ViewStyle.swift */ = {isa = PBXFileReference; lastKnownFileType = sourcecode.swift; path = "UIStackView+ViewStyle.swift"; sourceTree = "<group>"; };
		482B418E2091287D00654FA7 /* UICollectionView+ViewStyle.swift */ = {isa = PBXFileReference; lastKnownFileType = sourcecode.swift; path = "UICollectionView+ViewStyle.swift"; sourceTree = "<group>"; };
		482B418F2091287D00654FA7 /* UISegmentedControl+ViewStyle.swift */ = {isa = PBXFileReference; lastKnownFileType = sourcecode.swift; path = "UISegmentedControl+ViewStyle.swift"; sourceTree = "<group>"; };
		482B41902091287D00654FA7 /* ViewStyle.swift */ = {isa = PBXFileReference; lastKnownFileType = sourcecode.swift; path = ViewStyle.swift; sourceTree = "<group>"; };
		482B41922091287D00654FA7 /* ViewAttribute+Operators.swift */ = {isa = PBXFileReference; lastKnownFileType = sourcecode.swift; path = "ViewAttribute+Operators.swift"; sourceTree = "<group>"; };
		482B41932091287D00654FA7 /* ViewAttribute+Mergeable.swift */ = {isa = PBXFileReference; lastKnownFileType = sourcecode.swift; path = "ViewAttribute+Mergeable.swift"; sourceTree = "<group>"; };
		482B41942091287D00654FA7 /* ViewAttribute+Mergeable+Array.swift */ = {isa = PBXFileReference; lastKnownFileType = sourcecode.swift; path = "ViewAttribute+Mergeable+Array.swift"; sourceTree = "<group>"; };
		482B41962091287D00654FA7 /* DelegatesOwner.swift */ = {isa = PBXFileReference; lastKnownFileType = sourcecode.swift; path = DelegatesOwner.swift; sourceTree = "<group>"; };
		482B41972091287D00654FA7 /* TextInputTraitable.swift */ = {isa = PBXFileReference; lastKnownFileType = sourcecode.swift; path = TextInputTraitable.swift; sourceTree = "<group>"; };
		482B41982091287D00654FA7 /* ThumbTintColorOwner.swift */ = {isa = PBXFileReference; lastKnownFileType = sourcecode.swift; path = ThumbTintColorOwner.swift; sourceTree = "<group>"; };
		482B41992091287D00654FA7 /* CollectionTableView.swift */ = {isa = PBXFileReference; lastKnownFileType = sourcecode.swift; path = CollectionTableView.swift; sourceTree = "<group>"; };
		482B419A2091287D00654FA7 /* CellRegisterable.swift */ = {isa = PBXFileReference; lastKnownFileType = sourcecode.swift; path = CellRegisterable.swift; sourceTree = "<group>"; };
		482B419B2091287D00654FA7 /* CornerRounding.swift */ = {isa = PBXFileReference; lastKnownFileType = sourcecode.swift; path = CornerRounding.swift; sourceTree = "<group>"; };
		482B419C2091287D00654FA7 /* ControlState.swift */ = {isa = PBXFileReference; lastKnownFileType = sourcecode.swift; path = ControlState.swift; sourceTree = "<group>"; };
		482B419D2091287D00654FA7 /* ControlStateHolder.swift */ = {isa = PBXFileReference; lastKnownFileType = sourcecode.swift; path = ControlStateHolder.swift; sourceTree = "<group>"; };
		482B419E2091287D00654FA7 /* Segment.swift */ = {isa = PBXFileReference; lastKnownFileType = sourcecode.swift; path = Segment.swift; sourceTree = "<group>"; };
		482B419F2091287D00654FA7 /* MergableAttribute.swift */ = {isa = PBXFileReference; lastKnownFileType = sourcecode.swift; path = MergableAttribute.swift; sourceTree = "<group>"; };
		482B41A02091287D00654FA7 /* WebView.swift */ = {isa = PBXFileReference; lastKnownFileType = sourcecode.swift; path = WebView.swift; sourceTree = "<group>"; };
		482B41A12091287D00654FA7 /* PlaceholderOwner.swift */ = {isa = PBXFileReference; lastKnownFileType = sourcecode.swift; path = PlaceholderOwner.swift; sourceTree = "<group>"; };
		482B41A22091287D00654FA7 /* Case.swift */ = {isa = PBXFileReference; lastKnownFileType = sourcecode.swift; path = Case.swift; sourceTree = "<group>"; };
		482B41A32091287D00654FA7 /* DataSourceOwner.swift */ = {isa = PBXFileReference; lastKnownFileType = sourcecode.swift; path = DataSourceOwner.swift; sourceTree = "<group>"; };
		482B41A42091287D00654FA7 /* TextHolder.swift */ = {isa = PBXFileReference; lastKnownFileType = sourcecode.swift; path = TextHolder.swift; sourceTree = "<group>"; };
		482B41A52091287D00654FA7 /* Actor.swift */ = {isa = PBXFileReference; lastKnownFileType = sourcecode.swift; path = Actor.swift; sourceTree = "<group>"; };
		482B41A62091287D00654FA7 /* LayoutPriority.swift */ = {isa = PBXFileReference; lastKnownFileType = sourcecode.swift; path = LayoutPriority.swift; sourceTree = "<group>"; };
		482B41A72091287D00654FA7 /* FontSizeAdjusting.swift */ = {isa = PBXFileReference; lastKnownFileType = sourcecode.swift; path = FontSizeAdjusting.swift; sourceTree = "<group>"; };
		482B41A82091287D00654FA7 /* TextInputting.swift */ = {isa = PBXFileReference; lastKnownFileType = sourcecode.swift; path = TextInputting.swift; sourceTree = "<group>"; };
		482B41A92091287D00654FA7 /* ImageHolder.swift */ = {isa = PBXFileReference; lastKnownFileType = sourcecode.swift; path = ImageHolder.swift; sourceTree = "<group>"; };
		482B41AA2091287D00654FA7 /* Targetable.swift */ = {isa = PBXFileReference; lastKnownFileType = sourcecode.swift; path = Targetable.swift; sourceTree = "<group>"; };
		482B41AB2091287D00654FA7 /* ViewAttribute.swift */ = {isa = PBXFileReference; lastKnownFileType = sourcecode.swift; path = ViewAttribute.swift; sourceTree = "<group>"; };
		482B41AE2091287D00654FA7 /* UISegmentedControl+Makeable.swift */ = {isa = PBXFileReference; lastKnownFileType = sourcecode.swift; path = "UISegmentedControl+Makeable.swift"; sourceTree = "<group>"; };
		482B41AF2091287D00654FA7 /* UIProgressView+Makeable.swift */ = {isa = PBXFileReference; lastKnownFileType = sourcecode.swift; path = "UIProgressView+Makeable.swift"; sourceTree = "<group>"; };
		482B41B02091287D00654FA7 /* UIPageControl+Makeable.swift */ = {isa = PBXFileReference; lastKnownFileType = sourcecode.swift; path = "UIPageControl+Makeable.swift"; sourceTree = "<group>"; };
		482B41B12091287D00654FA7 /* UICollectionView+Makeable.swift */ = {isa = PBXFileReference; lastKnownFileType = sourcecode.swift; path = "UICollectionView+Makeable.swift"; sourceTree = "<group>"; };
		482B41B22091287D00654FA7 /* UIStackView+Makeable.swift */ = {isa = PBXFileReference; lastKnownFileType = sourcecode.swift; path = "UIStackView+Makeable.swift"; sourceTree = "<group>"; };
		482B41B32091287D00654FA7 /* UITableView+Makeable.swift */ = {isa = PBXFileReference; lastKnownFileType = sourcecode.swift; path = "UITableView+Makeable.swift"; sourceTree = "<group>"; };
		482B41B42091287D00654FA7 /* UISlider+Makeable.swift */ = {isa = PBXFileReference; lastKnownFileType = sourcecode.swift; path = "UISlider+Makeable.swift"; sourceTree = "<group>"; };
		482B41B52091287D00654FA7 /* UITextField+Makeable.swift */ = {isa = PBXFileReference; lastKnownFileType = sourcecode.swift; path = "UITextField+Makeable.swift"; sourceTree = "<group>"; };
		482B41B62091287D00654FA7 /* WKWebView+Makeable.swift */ = {isa = PBXFileReference; lastKnownFileType = sourcecode.swift; path = "WKWebView+Makeable.swift"; sourceTree = "<group>"; };
		482B41B72091287D00654FA7 /* UILabel+Makeable.swift */ = {isa = PBXFileReference; lastKnownFileType = sourcecode.swift; path = "UILabel+Makeable.swift"; sourceTree = "<group>"; };
		482B41B82091287D00654FA7 /* UISearchBar+Makeable.swift */ = {isa = PBXFileReference; lastKnownFileType = sourcecode.swift; path = "UISearchBar+Makeable.swift"; sourceTree = "<group>"; };
		482B41B92091287D00654FA7 /* UITextView+Makeable.swift */ = {isa = PBXFileReference; lastKnownFileType = sourcecode.swift; path = "UITextView+Makeable.swift"; sourceTree = "<group>"; };
		482B41BA2091287D00654FA7 /* UISwitch+Makeable.swift */ = {isa = PBXFileReference; lastKnownFileType = sourcecode.swift; path = "UISwitch+Makeable.swift"; sourceTree = "<group>"; };
		482B41BB2091287D00654FA7 /* UIWebView+Makeable.swift */ = {isa = PBXFileReference; lastKnownFileType = sourcecode.swift; path = "UIWebView+Makeable.swift"; sourceTree = "<group>"; };
		482B41BC2091287D00654FA7 /* UIActivityIndicatorView+Makeable.swift */ = {isa = PBXFileReference; lastKnownFileType = sourcecode.swift; path = "UIActivityIndicatorView+Makeable.swift"; sourceTree = "<group>"; };
		482B41BD2091287D00654FA7 /* UIButton+Makeable.swift */ = {isa = PBXFileReference; lastKnownFileType = sourcecode.swift; path = "UIButton+Makeable.swift"; sourceTree = "<group>"; };
		482B41BE2091287D00654FA7 /* UIPickerView+Makeable.swift */ = {isa = PBXFileReference; lastKnownFileType = sourcecode.swift; path = "UIPickerView+Makeable.swift"; sourceTree = "<group>"; };
		482B41BF2091287D00654FA7 /* UIImageView+Makeable.swift */ = {isa = PBXFileReference; lastKnownFileType = sourcecode.swift; path = "UIImageView+Makeable.swift"; sourceTree = "<group>"; };
		482B41C02091287D00654FA7 /* Macros.swift */ = {isa = PBXFileReference; lastKnownFileType = sourcecode.swift; path = Macros.swift; sourceTree = "<group>"; };
		482B41C1209128FE00654FA7 /* ViewComposer-Info.plist */ = {isa = PBXFileReference; lastKnownFileType = text.plist.xml; path = "ViewComposer-Info.plist"; sourceTree = "<group>"; };
		482B41DF20912B9100654FA7 /* ViewComposerTests-Info.plist */ = {isa = PBXFileReference; lastKnownFileType = text.plist.xml; path = "ViewComposerTests-Info.plist"; sourceTree = "<group>"; };
		482B41E120912B9B00654FA7 /* ViewComposerTests-Debug.xcconfig */ = {isa = PBXFileReference; lastKnownFileType = text.xcconfig; path = "ViewComposerTests-Debug.xcconfig"; sourceTree = "<group>"; };
		482B41E220912B9B00654FA7 /* ViewComposerTests-Release.xcconfig */ = {isa = PBXFileReference; lastKnownFileType = text.xcconfig; path = "ViewComposerTests-Release.xcconfig"; sourceTree = "<group>"; };
		482B41E320912B9B00654FA7 /* ViewComposerTests-Common.xcconfig */ = {isa = PBXFileReference; lastKnownFileType = text.xcconfig; path = "ViewComposerTests-Common.xcconfig"; sourceTree = "<group>"; };
		482B41E520912BBF00654FA7 /* ViewComposer-Release.xcconfig */ = {isa = PBXFileReference; lastKnownFileType = text.xcconfig; path = "ViewComposer-Release.xcconfig"; sourceTree = "<group>"; };
		482B41E620912BBF00654FA7 /* ViewComposer-Common.xcconfig */ = {isa = PBXFileReference; lastKnownFileType = text.xcconfig; path = "ViewComposer-Common.xcconfig"; sourceTree = "<group>"; };
		482B41E720912BBF00654FA7 /* ViewComposer-Debug.xcconfig */ = {isa = PBXFileReference; lastKnownFileType = text.xcconfig; path = "ViewComposer-Debug.xcconfig"; sourceTree = "<group>"; };
		4868BEC920936A1000B9085D /* CollectionView.swift */ = {isa = PBXFileReference; lastKnownFileType = sourcecode.swift; path = CollectionView.swift; sourceTree = "<group>"; };
		486A4F742095D5C90059ADAE /* UITableView+MakeableByProxy.swift */ = {isa = PBXFileReference; lastKnownFileType = sourcecode.swift; path = "UITableView+MakeableByProxy.swift"; sourceTree = "<group>"; };
		486A4F762095D5E60059ADAE /* TableViewStyle.swift */ = {isa = PBXFileReference; lastKnownFileType = sourcecode.swift; path = TableViewStyle.swift; sourceTree = "<group>"; };
		486A4F792095D64C0059ADAE /* TableViewAttribute.swift */ = {isa = PBXFileReference; lastKnownFileType = sourcecode.swift; path = TableViewAttribute.swift; sourceTree = "<group>"; };
		486A4F7B2095D69E0059ADAE /* TableViewAttribute+Attributes.swift */ = {isa = PBXFileReference; lastKnownFileType = sourcecode.swift; path = "TableViewAttribute+Attributes.swift"; sourceTree = "<group>"; };
		486A4F7D2095D6C60059ADAE /* TableViewAttribute+Names.swift */ = {isa = PBXFileReference; lastKnownFileType = sourcecode.swift; path = "TableViewAttribute+Names.swift"; sourceTree = "<group>"; };
		486A4F802095D7950059ADAE /* UITableView_Style_Tests.swift */ = {isa = PBXFileReference; lastKnownFileType = sourcecode.swift; path = UITableView_Style_Tests.swift; sourceTree = "<group>"; };
		486A4F822095D7C90059ADAE /* UITableView_Makeable_Tests.swift */ = {isa = PBXFileReference; lastKnownFileType = sourcecode.swift; path = UITableView_Makeable_Tests.swift; sourceTree = "<group>"; };
		486A4F862095DB3A0059ADAE /* TableView.swift */ = {isa = PBXFileReference; lastKnownFileType = sourcecode.swift; path = TableView.swift; sourceTree = "<group>"; };
		488DCC50209130EF006A89C1 /* ViewComposer.h */ = {isa = PBXFileReference; fileEncoding = 4; lastKnownFileType = sourcecode.c.h; path = ViewComposer.h; sourceTree = "<group>"; };
		48BAB4F8209330AE00D5B03C /* StyleProtocol.swift */ = {isa = PBXFileReference; lastKnownFileType = sourcecode.swift; path = StyleProtocol.swift; sourceTree = "<group>"; };
		48BAB4FA2093324200D5B03C /* Style+Testing.swift */ = {isa = PBXFileReference; lastKnownFileType = sourcecode.swift; path = "Style+Testing.swift"; sourceTree = "<group>"; };
		48BAB4FE2093327400D5B03C /* UIColor+Test.swift */ = {isa = PBXFileReference; lastKnownFileType = sourcecode.swift; path = "UIColor+Test.swift"; sourceTree = "<group>"; };
		48BAB5002093328600D5B03C /* TestUtils.swift */ = {isa = PBXFileReference; lastKnownFileType = sourcecode.swift; path = TestUtils.swift; sourceTree = "<group>"; };
		48BAB505209334F000D5B03C /* FatalErrorUtil.swift */ = {isa = PBXFileReference; lastKnownFileType = sourcecode.swift; path = FatalErrorUtil.swift; sourceTree = "<group>"; };
		48CC57682091A78C001EB1DB /* ConvenienceAttributes.swift */ = {isa = PBXFileReference; lastKnownFileType = sourcecode.swift; path = ConvenienceAttributes.swift; sourceTree = "<group>"; };
		48CC576A2091A7B9001EB1DB /* ConvenienceAttributes+Names.swift */ = {isa = PBXFileReference; lastKnownFileType = sourcecode.swift; path = "ConvenienceAttributes+Names.swift"; sourceTree = "<group>"; };
		48DF45802092842900ED4326 /* TextViewAttribute.swift */ = {isa = PBXFileReference; lastKnownFileType = sourcecode.swift; path = TextViewAttribute.swift; sourceTree = "<group>"; };
		48DF45822092845300ED4326 /* TextViewAttribute+Attributes.swift */ = {isa = PBXFileReference; lastKnownFileType = sourcecode.swift; path = "TextViewAttribute+Attributes.swift"; sourceTree = "<group>"; };
		48DF4584209284BE00ED4326 /* TextViewAttribute+Names.swift */ = {isa = PBXFileReference; lastKnownFileType = sourcecode.swift; path = "TextViewAttribute+Names.swift"; sourceTree = "<group>"; };
		48DF45892092852200ED4326 /* TextOwner.swift */ = {isa = PBXFileReference; lastKnownFileType = sourcecode.swift; path = TextOwner.swift; sourceTree = "<group>"; };
		48DF458B2092853700ED4326 /* TextOwner+Attributes.swift */ = {isa = PBXFileReference; lastKnownFileType = sourcecode.swift; path = "TextOwner+Attributes.swift"; sourceTree = "<group>"; };
		48DF458D2092854400ED4326 /* TextOwner+Names.swift */ = {isa = PBXFileReference; lastKnownFileType = sourcecode.swift; path = "TextOwner+Names.swift"; sourceTree = "<group>"; };
		48F17C152091A92700C070B2 /* MakeableFromStyleTests.swift */ = {isa = PBXFileReference; lastKnownFileType = sourcecode.swift; path = MakeableFromStyleTests.swift; sourceTree = "<group>"; };
		48F17C162091A92700C070B2 /* UtilitiesTests.swift */ = {isa = PBXFileReference; lastKnownFileType = sourcecode.swift; path = UtilitiesTests.swift; sourceTree = "<group>"; };
		48F17C172091A92700C070B2 /* DuplicatesHandlerTests.swift */ = {isa = PBXFileReference; lastKnownFileType = sourcecode.swift; path = DuplicatesHandlerTests.swift; sourceTree = "<group>"; };
		48F17C182091A92700C070B2 /* StrippedEquatableComparableTests.swift */ = {isa = PBXFileReference; lastKnownFileType = sourcecode.swift; path = StrippedEquatableComparableTests.swift; sourceTree = "<group>"; };
		48F17C192091A92700C070B2 /* MergeOfOptionalsUsingOperatorsTests.swift */ = {isa = PBXFileReference; lastKnownFileType = sourcecode.swift; path = MergeOfOptionalsUsingOperatorsTests.swift; sourceTree = "<group>"; };
		48F17C1A2091A92700C070B2 /* BaseXCTest.swift */ = {isa = PBXFileReference; lastKnownFileType = sourcecode.swift; path = BaseXCTest.swift; sourceTree = "<group>"; };
		48F17C1B2091A92700C070B2 /* ProcessControlStatesTests.swift */ = {isa = PBXFileReference; lastKnownFileType = sourcecode.swift; path = ProcessControlStatesTests.swift; sourceTree = "<group>"; };
		48F17C1E2091A92700C070B2 /* ControlStateMergingTests.swift */ = {isa = PBXFileReference; lastKnownFileType = sourcecode.swift; path = ControlStateMergingTests.swift; sourceTree = "<group>"; };
		48F17C1F2091A92700C070B2 /* MergeOperatorAssociativityTests.swift */ = {isa = PBXFileReference; lastKnownFileType = sourcecode.swift; path = MergeOperatorAssociativityTests.swift; sourceTree = "<group>"; };
		48F17C202091A92700C070B2 /* MergingViewStyleWithArraysTests.swift */ = {isa = PBXFileReference; lastKnownFileType = sourcecode.swift; path = MergingViewStyleWithArraysTests.swift; sourceTree = "<group>"; };
		48F17C212091A92700C070B2 /* MergingViewAttributeArraysTests.swift */ = {isa = PBXFileReference; lastKnownFileType = sourcecode.swift; path = MergingViewAttributeArraysTests.swift; sourceTree = "<group>"; };
		48F17C232091A93100C070B2 /* ViewStyleTests.swift */ = {isa = PBXFileReference; fileEncoding = 4; lastKnownFileType = sourcecode.swift; path = ViewStyleTests.swift; sourceTree = "<group>"; };
		48F17C272091AA4900C070B2 /* OperatorDeclaration.swift */ = {isa = PBXFileReference; lastKnownFileType = sourcecode.swift; path = OperatorDeclaration.swift; sourceTree = "<group>"; };
		48F17C292091AAA100C070B2 /* MergeOperatorReturningStyle.swift */ = {isa = PBXFileReference; lastKnownFileType = sourcecode.swift; path = MergeOperatorReturningStyle.swift; sourceTree = "<group>"; };
		4C625313D3BBEF054644C843 /* libPods-Framework-ViewComposerTests.a */ = {isa = PBXFileReference; explicitFileType = archive.ar; includeInIndex = 0; path = "libPods-Framework-ViewComposerTests.a"; sourceTree = BUILT_PRODUCTS_DIR; };
		6E3F9DEF0BB109DAACD948BF /* Pods-Framework-ViewComposer.release.xcconfig */ = {isa = PBXFileReference; includeInIndex = 1; lastKnownFileType = text.xcconfig; name = "Pods-Framework-ViewComposer.release.xcconfig"; path = "Pods/Target Support Files/Pods-Framework-ViewComposer/Pods-Framework-ViewComposer.release.xcconfig"; sourceTree = "<group>"; };
		7A91B5B58E97C47F646265D6 /* Pods-Framework-ViewComposerTests.release.xcconfig */ = {isa = PBXFileReference; includeInIndex = 1; lastKnownFileType = text.xcconfig; name = "Pods-Framework-ViewComposerTests.release.xcconfig"; path = "Pods/Target Support Files/Pods-Framework-ViewComposerTests/Pods-Framework-ViewComposerTests.release.xcconfig"; sourceTree = "<group>"; };
		8BCEA7C2C1B2AD4DD2C4F300 /* Pods-Framework-ViewComposerTests.debug.xcconfig */ = {isa = PBXFileReference; includeInIndex = 1; lastKnownFileType = text.xcconfig; name = "Pods-Framework-ViewComposerTests.debug.xcconfig"; path = "Pods/Target Support Files/Pods-Framework-ViewComposerTests/Pods-Framework-ViewComposerTests.debug.xcconfig"; sourceTree = "<group>"; };
		B5BFA169B935B2415B57F1DB /* Pods-Framework-ViewComposer.debug.xcconfig */ = {isa = PBXFileReference; includeInIndex = 1; lastKnownFileType = text.xcconfig; name = "Pods-Framework-ViewComposer.debug.xcconfig"; path = "Pods/Target Support Files/Pods-Framework-ViewComposer/Pods-Framework-ViewComposer.debug.xcconfig"; sourceTree = "<group>"; };
		B5DB916982F7EA9466E6B761 /* libPods-Framework-ViewComposer.a */ = {isa = PBXFileReference; explicitFileType = archive.ar; includeInIndex = 0; path = "libPods-Framework-ViewComposer.a"; sourceTree = BUILT_PRODUCTS_DIR; };
/* End PBXFileReference section */

/* Begin PBXFrameworksBuildPhase section */
		4816817E1EDD53EE004E3DD0 /* Frameworks */ = {
			isa = PBXFrameworksBuildPhase;
			buildActionMask = 2147483647;
			files = (
				46BEA0BF4EEF8F755FDE733F /* libPods-Framework-ViewComposer.a in Frameworks */,
			);
			runOnlyForDeploymentPostprocessing = 0;
		};
		481681881EDD53EE004E3DD0 /* Frameworks */ = {
			isa = PBXFrameworksBuildPhase;
			buildActionMask = 2147483647;
			files = (
				4816818C1EDD53EE004E3DD0 /* ViewComposer.framework in Frameworks */,
				7CA8FB99E0AA5099CE18216C /* libPods-Framework-ViewComposerTests.a in Frameworks */,
			);
			runOnlyForDeploymentPostprocessing = 0;
		};
/* End PBXFrameworksBuildPhase section */

/* Begin PBXGroup section */
		4494D55EE032982E5CC7C07C /* Pods */ = {
			isa = PBXGroup;
			children = (
				B5BFA169B935B2415B57F1DB /* Pods-Framework-ViewComposer.debug.xcconfig */,
				6E3F9DEF0BB109DAACD948BF /* Pods-Framework-ViewComposer.release.xcconfig */,
				8BCEA7C2C1B2AD4DD2C4F300 /* Pods-Framework-ViewComposerTests.debug.xcconfig */,
				7A91B5B58E97C47F646265D6 /* Pods-Framework-ViewComposerTests.release.xcconfig */,
			);
			name = Pods;
			sourceTree = "<group>";
		};
		48013B3620934A5A0080BB4F /* Makeable */ = {
			isa = PBXGroup;
			children = (
				482B411E2091286800654FA7 /* UILabel+Makeable.swift */,
				482B411D2091286800654FA7 /* UIStackView+Makeable.swift */,
			);
			path = Makeable;
			sourceTree = "<group>";
		};
		48013B3720934A640080BB4F /* MakeableByProxy */ = {
			isa = PBXGroup;
			children = (
				48013B3820934A870080BB4F /* UICollectionView+MakeableByProxy.swift */,
				486A4F742095D5C90059ADAE /* UITableView+MakeableByProxy.swift */,
				48013B3A209353430080BB4F /* Proxies */,
			);
			path = MakeableByProxy;
			sourceTree = "<group>";
		};
		48013B3A209353430080BB4F /* Proxies */ = {
			isa = PBXGroup;
			children = (
				4868BEC920936A1000B9085D /* CollectionView.swift */,
				486A4F862095DB3A0059ADAE /* TableView.swift */,
			);
			path = Proxies;
			sourceTree = "<group>";
		};
		48013B402093544E0080BB4F /* UICollectionView */ = {
			isa = PBXGroup;
			children = (
				48013B412093545F0080BB4F /* CollectionViewAttribute.swift */,
				48013B43209354800080BB4F /* CollectionViewAttribute+Attributes.swift */,
				48013B452093549E0080BB4F /* CollectionViewAttribute+Names.swift */,
			);
			path = UICollectionView;
			sourceTree = "<group>";
		};
		481681781EDD53EE004E3DD0 = {
			isa = PBXGroup;
			children = (
				514CE5D1EF5020419B5C0CC8 /* Frameworks */,
				4494D55EE032982E5CC7C07C /* Pods */,
				481681831EDD53EE004E3DD0 /* Products */,
				482B89161EE00C6500C97D42 /* Source */,
				482B89771EE00C7100C97D42 /* Tests */,
			);
			sourceTree = "<group>";
		};
		481681831EDD53EE004E3DD0 /* Products */ = {
			isa = PBXGroup;
			children = (
				481681821EDD53EE004E3DD0 /* ViewComposer.framework */,
				4816818B1EDD53EE004E3DD0 /* ViewComposerTests.xctest */,
			);
			name = Products;
			sourceTree = "<group>";
		};
		482B41092091286800654FA7 /* Source */ = {
			isa = PBXGroup;
			children = (
				48F17C262091AA1000C070B2 /* Merging */,
				482B41E420912BBF00654FA7 /* Configurations */,
				482B41112091286800654FA7 /* Extension */,
				482B41142091286800654FA7 /* Style */,
				482B411A2091286800654FA7 /* Makeable */,
				482B411F2091286800654FA7 /* Attributes */,
				482B41322091286800654FA7 /* Styleable */,
				482B41342091286800654FA7 /* SupportingFiles */,
			);
			name = Source;
			sourceTree = "<group>";
		};
		482B41112091286800654FA7 /* Extension */ = {
			isa = PBXGroup;
			children = (
				482B41122091286800654FA7 /* Array.swift */,
				482B41132091286800654FA7 /* UIView_Extension.swift */,
			);
			path = Extension;
			sourceTree = "<group>";
		};
		482B41142091286800654FA7 /* Style */ = {
			isa = PBXGroup;
			children = (
				482B41152091286800654FA7 /* SubStyles */,
				482B41192091286800654FA7 /* ViewStyle.swift */,
				48BAB4F8209330AE00D5B03C /* StyleProtocol.swift */,
			);
			path = Style;
			sourceTree = "<group>";
		};
		482B41152091286800654FA7 /* SubStyles */ = {
			isa = PBXGroup;
			children = (
				482B41162091286800654FA7 /* LabelStyle.swift */,
				482B41172091286800654FA7 /* TextFieldStyle.swift */,
				482B41182091286800654FA7 /* StackViewStyle.swift */,
				486A4F762095D5E60059ADAE /* TableViewStyle.swift */,
				48013B3E2093543A0080BB4F /* CollectionViewStyle.swift */,
			);
			path = SubStyles;
			sourceTree = "<group>";
		};
		482B411A2091286800654FA7 /* Makeable */ = {
			isa = PBXGroup;
			children = (
				482B411B2091286800654FA7 /* Makeable.swift */,
				482B411C2091286800654FA7 /* Views */,
			);
			path = Makeable;
			sourceTree = "<group>";
		};
		482B411C2091286800654FA7 /* Views */ = {
			isa = PBXGroup;
			children = (
				48013B3720934A640080BB4F /* MakeableByProxy */,
				48013B3620934A5A0080BB4F /* Makeable */,
			);
			path = Views;
			sourceTree = "<group>";
		};
		482B411F2091286800654FA7 /* Attributes */ = {
			isa = PBXGroup;
			children = (
				48DF4586209284D600ED4326 /* SubAttributes */,
				482B412D2091286800654FA7 /* BaseAttributeProtocol.swift */,
				482B412E2091286800654FA7 /* BaseAttribute */,
			);
			path = Attributes;
			sourceTree = "<group>";
		};
		482B41202091286800654FA7 /* Classes */ = {
			isa = PBXGroup;
			children = (
				486A4F782095D63F0059ADAE /* UITableView */,
				48013B402093544E0080BB4F /* UICollectionView */,
				48DF457F2092839300ED4326 /* TextView */,
				482B41212091286800654FA7 /* StackView */,
				482B41252091286800654FA7 /* Label */,
				482B41292091286800654FA7 /* TextField */,
			);
			path = Classes;
			sourceTree = "<group>";
		};
		482B41212091286800654FA7 /* StackView */ = {
			isa = PBXGroup;
			children = (
				482B41242091286800654FA7 /* StackViewAttribute.swift */,
				482B41232091286800654FA7 /* StackViewAttribute+Attributes.swift */,
				482B41222091286800654FA7 /* StackViewAttribute+Names.swift */,
			);
			path = StackView;
			sourceTree = "<group>";
		};
		482B41252091286800654FA7 /* Label */ = {
			isa = PBXGroup;
			children = (
				482B41262091286800654FA7 /* LabelAttribute.swift */,
				482B41272091286800654FA7 /* LabelAttribute+Attributes.swift */,
				482B41282091286800654FA7 /* LabelAttribute+Names.swift */,
			);
			path = Label;
			sourceTree = "<group>";
		};
		482B41292091286800654FA7 /* TextField */ = {
			isa = PBXGroup;
			children = (
				482B412B2091286800654FA7 /* TextFieldAttribute.swift */,
				482B412A2091286800654FA7 /* TextFieldAttribute+Attributes.swift */,
				482B412C2091286800654FA7 /* TextFieldAttribute+Names.swift */,
			);
			path = TextField;
			sourceTree = "<group>";
		};
		482B412E2091286800654FA7 /* BaseAttribute */ = {
			isa = PBXGroup;
			children = (
				48CC57672091A76F001EB1DB /* ConvenienceAttributes */,
				482B412F2091286800654FA7 /* BaseAttribute+Attributes.swift */,
				482B41302091286800654FA7 /* BaseAttribute+Names.swift */,
				482B41312091286800654FA7 /* BaseAttribute.swift */,
			);
			path = BaseAttribute;
			sourceTree = "<group>";
		};
		482B41322091286800654FA7 /* Styleable */ = {
			isa = PBXGroup;
			children = (
				482B41332091286800654FA7 /* Styleable.swift */,
			);
			path = Styleable;
			sourceTree = "<group>";
		};
		482B41342091286800654FA7 /* SupportingFiles */ = {
			isa = PBXGroup;
			children = (
				488DCC50209130EF006A89C1 /* ViewComposer.h */,
				482B41C1209128FE00654FA7 /* ViewComposer-Info.plist */,
			);
			path = SupportingFiles;
			sourceTree = "<group>";
		};
		482B41562091287C00654FA7 /* LEGACY_OLD_VERSION */ = {
			isa = PBXGroup;
			children = (
				482B41572091287C00654FA7 /* Composables */,
				482B415E2091287D00654FA7 /* Classes */,
			);
			path = LEGACY_OLD_VERSION;
			sourceTree = SOURCE_ROOT;
		};
		482B41572091287C00654FA7 /* Composables */ = {
			isa = PBXGroup;
			children = (
				482B41582091287C00654FA7 /* Label.swift */,
				482B41592091287C00654FA7 /* StackView.swift */,
				482B415A2091287D00654FA7 /* TextField.swift */,
				482B415B2091287D00654FA7 /* TextView.swift */,
				482B415C2091287D00654FA7 /* ImageView.swift */,
				482B415D2091287D00654FA7 /* Button.swift */,
			);
			path = Composables;
			sourceTree = "<group>";
		};
		482B415E2091287D00654FA7 /* Classes */ = {
			isa = PBXGroup;
			children = (
				482B415F2091287D00654FA7 /* Attributed */,
				482B416A2091287D00654FA7 /* Composable */,
				482B41722091287D00654FA7 /* Extensions */,
				482B41752091287D00654FA7 /* MergeOperators */,
				482B417A2091287D00654FA7 /* Styleable */,
				482B417D2091287D00654FA7 /* ViewStyle */,
				482B41912091287D00654FA7 /* ViewAttribute */,
				482B41AC2091287D00654FA7 /* Views */,
				482B41C02091287D00654FA7 /* Macros.swift */,
			);
			path = Classes;
			sourceTree = "<group>";
		};
		482B415F2091287D00654FA7 /* Attributed */ = {
			isa = PBXGroup;
			children = (
				482B41602091287D00654FA7 /* Attributed+AssociatedValueEnumExtractor.swift */,
				482B41612091287D00654FA7 /* Attributed+Array+Mergeable.swift */,
				482B41622091287D00654FA7 /* Attributed+Optional.swift */,
				482B41632091287D00654FA7 /* Attributed+AssociatedValueStrippable.swift */,
				482B41642091287D00654FA7 /* Attributed+Collection.swift */,
				482B41652091287D00654FA7 /* Attributed.swift */,
				482B41662091287D00654FA7 /* Attributed+CustomAttributeMerger.swift */,
				482B41672091287D00654FA7 /* Attributed+Mergeable.swift */,
			);
			path = Attributed;
			sourceTree = "<group>";
		};
		482B416A2091287D00654FA7 /* Composable */ = {
			isa = PBXGroup;
			children = (
				482B416B2091287D00654FA7 /* Composable.swift */,
				482B416C2091287D00654FA7 /* Composable+UIView.swift */,
				482B416D2091287D00654FA7 /* Composable+Styleable.swift */,
			);
			path = Composable;
			sourceTree = "<group>";
		};
		482B41722091287D00654FA7 /* Extensions */ = {
			isa = PBXGroup;
			children = (
				482B41732091287D00654FA7 /* Array+Optional.swift */,
				482B41742091287D00654FA7 /* Dictionary_Extensions.swift */,
			);
			path = Extensions;
			sourceTree = "<group>";
		};
		482B41752091287D00654FA7 /* MergeOperators */ = {
			isa = PBXGroup;
			children = (
				482B41762091287D00654FA7 /* MergeOperatorReturningMakable.swift */,
				482B41772091287D00654FA7 /* MergeOperatorReturningAttributed.swift */,
				482B41782091287D00654FA7 /* MergeOperatorReturningComposable.swift */,
				482B41792091287D00654FA7 /* MergeOperators.swift */,
			);
			path = MergeOperators;
			sourceTree = "<group>";
		};
		482B417A2091287D00654FA7 /* Styleable */ = {
			isa = PBXGroup;
			children = (
			);
			path = Styleable;
			sourceTree = "<group>";
		};
		482B417D2091287D00654FA7 /* ViewStyle */ = {
			isa = PBXGroup;
			children = (
				482B417E2091287D00654FA7 /* ViewStyle+Optional+Operators.swift */,
				482B417F2091287D00654FA7 /* UIView+ViewStyle */,
				482B41902091287D00654FA7 /* ViewStyle.swift */,
			);
			path = ViewStyle;
			sourceTree = "<group>";
		};
		482B417F2091287D00654FA7 /* UIView+ViewStyle */ = {
			isa = PBXGroup;
			children = (
				482B41802091287D00654FA7 /* UISlider+ViewStyle.swift */,
				482B41812091287D00654FA7 /* UIActivityIndicatorView+ViewStyle.swift */,
				482B41822091287D00654FA7 /* UIControl+ViewStyle.swift */,
				482B41832091287D00654FA7 /* UIButton+ViewStyle.swift */,
				482B41842091287D00654FA7 /* UILabel+ViewStyle.swift */,
				482B41852091287D00654FA7 /* UISwitch+ViewStyle.swift */,
				482B41862091287D00654FA7 /* UIProgressView+ViewStyle.swift */,
				482B41872091287D00654FA7 /* UITableView+ViewStyle.swift */,
				482B41882091287D00654FA7 /* UISearchBar+ViewStyle.swift */,
				482B41892091287D00654FA7 /* UITextField+ViewStyle.swift */,
				482B418A2091287D00654FA7 /* UIScrollView+ViewStyle.swift */,
				482B418B2091287D00654FA7 /* UITextView+ViewStyle.swift */,
				482B418C2091287D00654FA7 /* UIPageControl+ViewStyle.swift */,
				482B418D2091287D00654FA7 /* UIStackView+ViewStyle.swift */,
				482B418E2091287D00654FA7 /* UICollectionView+ViewStyle.swift */,
				482B418F2091287D00654FA7 /* UISegmentedControl+ViewStyle.swift */,
			);
			path = "UIView+ViewStyle";
			sourceTree = "<group>";
		};
		482B41912091287D00654FA7 /* ViewAttribute */ = {
			isa = PBXGroup;
			children = (
				482B41922091287D00654FA7 /* ViewAttribute+Operators.swift */,
				482B41932091287D00654FA7 /* ViewAttribute+Mergeable.swift */,
				482B41942091287D00654FA7 /* ViewAttribute+Mergeable+Array.swift */,
				482B41952091287D00654FA7 /* AttributedValues */,
				482B41AB2091287D00654FA7 /* ViewAttribute.swift */,
			);
			path = ViewAttribute;
			sourceTree = "<group>";
		};
		482B41952091287D00654FA7 /* AttributedValues */ = {
			isa = PBXGroup;
			children = (
				482B41962091287D00654FA7 /* DelegatesOwner.swift */,
				482B41972091287D00654FA7 /* TextInputTraitable.swift */,
				482B41982091287D00654FA7 /* ThumbTintColorOwner.swift */,
				482B41992091287D00654FA7 /* CollectionTableView.swift */,
				482B419A2091287D00654FA7 /* CellRegisterable.swift */,
				482B419B2091287D00654FA7 /* CornerRounding.swift */,
				482B419C2091287D00654FA7 /* ControlState.swift */,
				482B419D2091287D00654FA7 /* ControlStateHolder.swift */,
				482B419E2091287D00654FA7 /* Segment.swift */,
				482B419F2091287D00654FA7 /* MergableAttribute.swift */,
				482B41A02091287D00654FA7 /* WebView.swift */,
				482B41A12091287D00654FA7 /* PlaceholderOwner.swift */,
				482B41A22091287D00654FA7 /* Case.swift */,
				482B41A32091287D00654FA7 /* DataSourceOwner.swift */,
				482B41A42091287D00654FA7 /* TextHolder.swift */,
				482B41A52091287D00654FA7 /* Actor.swift */,
				482B41A62091287D00654FA7 /* LayoutPriority.swift */,
				482B41A72091287D00654FA7 /* FontSizeAdjusting.swift */,
				482B41A82091287D00654FA7 /* TextInputting.swift */,
				482B41A92091287D00654FA7 /* ImageHolder.swift */,
				482B41AA2091287D00654FA7 /* Targetable.swift */,
			);
			path = AttributedValues;
			sourceTree = "<group>";
		};
		482B41AC2091287D00654FA7 /* Views */ = {
			isa = PBXGroup;
			children = (
				482B41AD2091287D00654FA7 /* Makeable */,
			);
			path = Views;
			sourceTree = "<group>";
		};
		482B41AD2091287D00654FA7 /* Makeable */ = {
			isa = PBXGroup;
			children = (
				482B41AE2091287D00654FA7 /* UISegmentedControl+Makeable.swift */,
				482B41AF2091287D00654FA7 /* UIProgressView+Makeable.swift */,
				482B41B02091287D00654FA7 /* UIPageControl+Makeable.swift */,
				482B41B12091287D00654FA7 /* UICollectionView+Makeable.swift */,
				482B41B22091287D00654FA7 /* UIStackView+Makeable.swift */,
				482B41B32091287D00654FA7 /* UITableView+Makeable.swift */,
				482B41B42091287D00654FA7 /* UISlider+Makeable.swift */,
				482B41B52091287D00654FA7 /* UITextField+Makeable.swift */,
				482B41B62091287D00654FA7 /* WKWebView+Makeable.swift */,
				482B41B72091287D00654FA7 /* UILabel+Makeable.swift */,
				482B41B82091287D00654FA7 /* UISearchBar+Makeable.swift */,
				482B41B92091287D00654FA7 /* UITextView+Makeable.swift */,
				482B41BA2091287D00654FA7 /* UISwitch+Makeable.swift */,
				482B41BB2091287D00654FA7 /* UIWebView+Makeable.swift */,
				482B41BC2091287D00654FA7 /* UIActivityIndicatorView+Makeable.swift */,
				482B41BD2091287D00654FA7 /* UIButton+Makeable.swift */,
				482B41BE2091287D00654FA7 /* UIPickerView+Makeable.swift */,
				482B41BF2091287D00654FA7 /* UIImageView+Makeable.swift */,
			);
			path = Makeable;
			sourceTree = "<group>";
		};
		482B41DE20912B9100654FA7 /* SupportingFiles */ = {
			isa = PBXGroup;
			children = (
				482B41DF20912B9100654FA7 /* ViewComposerTests-Info.plist */,
			);
			path = SupportingFiles;
			sourceTree = "<group>";
		};
		482B41E020912B9B00654FA7 /* Configurations */ = {
			isa = PBXGroup;
			children = (
				482B41E120912B9B00654FA7 /* ViewComposerTests-Debug.xcconfig */,
				482B41E220912B9B00654FA7 /* ViewComposerTests-Release.xcconfig */,
				482B41E320912B9B00654FA7 /* ViewComposerTests-Common.xcconfig */,
			);
			path = Configurations;
			sourceTree = "<group>";
		};
		482B41E420912BBF00654FA7 /* Configurations */ = {
			isa = PBXGroup;
			children = (
				482B41E520912BBF00654FA7 /* ViewComposer-Release.xcconfig */,
				482B41E620912BBF00654FA7 /* ViewComposer-Common.xcconfig */,
				482B41E720912BBF00654FA7 /* ViewComposer-Debug.xcconfig */,
			);
			path = Configurations;
			sourceTree = "<group>";
		};
		482B89161EE00C6500C97D42 /* Source */ = {
			isa = PBXGroup;
			children = (
				48BAB504209334E400D5B03C /* Utils */,
				482B41562091287C00654FA7 /* LEGACY_OLD_VERSION */,
				482B41092091286800654FA7 /* Source */,
			);
			path = Source;
			sourceTree = "<group>";
		};
		482B89771EE00C7100C97D42 /* Tests */ = {
			isa = PBXGroup;
			children = (
				48BAB4FD2093325100D5B03C /* TestUtils */,
				48F17C222091A93100C070B2 /* Tests */,
				48F17C142091A92700C070B2 /* LEGACY_OLD_TESTS */,
				482B41E020912B9B00654FA7 /* Configurations */,
				482B41DE20912B9100654FA7 /* SupportingFiles */,
			);
			path = Tests;
			sourceTree = "<group>";
		};
		486A4F782095D63F0059ADAE /* UITableView */ = {
			isa = PBXGroup;
			children = (
				486A4F792095D64C0059ADAE /* TableViewAttribute.swift */,
				486A4F7B2095D69E0059ADAE /* TableViewAttribute+Attributes.swift */,
				486A4F7D2095D6C60059ADAE /* TableViewAttribute+Names.swift */,
			);
			path = UITableView;
			sourceTree = "<group>";
		};
		486A4F7F2095D77A0059ADAE /* UITableViewTests */ = {
			isa = PBXGroup;
			children = (
				486A4F802095D7950059ADAE /* UITableView_Style_Tests.swift */,
				486A4F822095D7C90059ADAE /* UITableView_Makeable_Tests.swift */,
			);
			path = UITableViewTests;
			sourceTree = "<group>";
		};
		48BAB4FD2093325100D5B03C /* TestUtils */ = {
			isa = PBXGroup;
			children = (
				48BAB4FA2093324200D5B03C /* Style+Testing.swift */,
				48BAB4FE2093327400D5B03C /* UIColor+Test.swift */,
				48BAB5002093328600D5B03C /* TestUtils.swift */,
			);
			path = TestUtils;
			sourceTree = "<group>";
		};
		48BAB504209334E400D5B03C /* Utils */ = {
			isa = PBXGroup;
			children = (
				48BAB505209334F000D5B03C /* FatalErrorUtil.swift */,
			);
			path = Utils;
			sourceTree = "<group>";
		};
		48CC57672091A76F001EB1DB /* ConvenienceAttributes */ = {
			isa = PBXGroup;
			children = (
				48CC57682091A78C001EB1DB /* ConvenienceAttributes.swift */,
				48CC576A2091A7B9001EB1DB /* ConvenienceAttributes+Names.swift */,
			);
			path = ConvenienceAttributes;
			sourceTree = "<group>";
		};
		48DF457F2092839300ED4326 /* TextView */ = {
			isa = PBXGroup;
			children = (
				48DF45802092842900ED4326 /* TextViewAttribute.swift */,
				48DF45822092845300ED4326 /* TextViewAttribute+Attributes.swift */,
				48DF4584209284BE00ED4326 /* TextViewAttribute+Names.swift */,
			);
			path = TextView;
			sourceTree = "<group>";
		};
		48DF4586209284D600ED4326 /* SubAttributes */ = {
			isa = PBXGroup;
			children = (
				48DF4587209284F000ED4326 /* Protocols */,
				482B41202091286800654FA7 /* Classes */,
			);
			path = SubAttributes;
			sourceTree = "<group>";
		};
		48DF4587209284F000ED4326 /* Protocols */ = {
			isa = PBXGroup;
			children = (
				48DF4588209284FD00ED4326 /* TextOwner */,
			);
			path = Protocols;
			sourceTree = "<group>";
		};
		48DF4588209284FD00ED4326 /* TextOwner */ = {
			isa = PBXGroup;
			children = (
				48DF45892092852200ED4326 /* TextOwner.swift */,
				48DF458B2092853700ED4326 /* TextOwner+Attributes.swift */,
				48DF458D2092854400ED4326 /* TextOwner+Names.swift */,
			);
			path = TextOwner;
			sourceTree = "<group>";
		};
		48F17C142091A92700C070B2 /* LEGACY_OLD_TESTS */ = {
			isa = PBXGroup;
			children = (
				48F17C162091A92700C070B2 /* UtilitiesTests.swift */,
				48F17C172091A92700C070B2 /* DuplicatesHandlerTests.swift */,
				48F17C182091A92700C070B2 /* StrippedEquatableComparableTests.swift */,
				48F17C192091A92700C070B2 /* MergeOfOptionalsUsingOperatorsTests.swift */,
				48F17C1A2091A92700C070B2 /* BaseXCTest.swift */,
				48F17C1B2091A92700C070B2 /* ProcessControlStatesTests.swift */,
				48F17C1E2091A92700C070B2 /* ControlStateMergingTests.swift */,
				48F17C1F2091A92700C070B2 /* MergeOperatorAssociativityTests.swift */,
				48F17C202091A92700C070B2 /* MergingViewStyleWithArraysTests.swift */,
				48F17C212091A92700C070B2 /* MergingViewAttributeArraysTests.swift */,
			);
			path = LEGACY_OLD_TESTS;
			sourceTree = "<group>";
		};
		48F17C222091A93100C070B2 /* Tests */ = {
			isa = PBXGroup;
			children = (
				486A4F7F2095D77A0059ADAE /* UITableViewTests */,
				48F17C232091A93100C070B2 /* ViewStyleTests.swift */,
				48013B3B209353CF0080BB4F /* CollectionViewStyleTests.swift */,
				48F17C152091A92700C070B2 /* MakeableFromStyleTests.swift */,
			);
			path = Tests;
			sourceTree = "<group>";
		};
		48F17C262091AA1000C070B2 /* Merging */ = {
			isa = PBXGroup;
			children = (
				48F17C272091AA4900C070B2 /* OperatorDeclaration.swift */,
				48F17C292091AAA100C070B2 /* MergeOperatorReturningStyle.swift */,
			);
			path = Merging;
			sourceTree = "<group>";
		};
		514CE5D1EF5020419B5C0CC8 /* Frameworks */ = {
			isa = PBXGroup;
			children = (
				B5DB916982F7EA9466E6B761 /* libPods-Framework-ViewComposer.a */,
				4C625313D3BBEF054644C843 /* libPods-Framework-ViewComposerTests.a */,
			);
			name = Frameworks;
			sourceTree = "<group>";
		};
/* End PBXGroup section */

/* Begin PBXHeadersBuildPhase section */
		4816817F1EDD53EE004E3DD0 /* Headers */ = {
			isa = PBXHeadersBuildPhase;
			buildActionMask = 2147483647;
			files = (
				488DCC51209130EF006A89C1 /* ViewComposer.h in Headers */,
			);
			runOnlyForDeploymentPostprocessing = 0;
		};
/* End PBXHeadersBuildPhase section */

/* Begin PBXNativeTarget section */
		481681811EDD53EE004E3DD0 /* ViewComposer */ = {
			isa = PBXNativeTarget;
			buildConfigurationList = 481681961EDD53EE004E3DD0 /* Build configuration list for PBXNativeTarget "ViewComposer" */;
			buildPhases = (
				FFC368742640B841E0243240 /* [CP] Check Pods Manifest.lock */,
				4822A14C1EF29281005B8F77 /* SwiftLint */,
				4816817D1EDD53EE004E3DD0 /* Sources */,
				4816817E1EDD53EE004E3DD0 /* Frameworks */,
				4816817F1EDD53EE004E3DD0 /* Headers */,
				481681801EDD53EE004E3DD0 /* Resources */,
			);
			buildRules = (
			);
			dependencies = (
			);
			name = ViewComposer;
			productName = ViewComposer;
			productReference = 481681821EDD53EE004E3DD0 /* ViewComposer.framework */;
			productType = "com.apple.product-type.framework";
		};
		4816818A1EDD53EE004E3DD0 /* ViewComposerTests */ = {
			isa = PBXNativeTarget;
			buildConfigurationList = 481681991EDD53EE004E3DD0 /* Build configuration list for PBXNativeTarget "ViewComposerTests" */;
			buildPhases = (
				22499DB3A16C7C90A2F5520D /* [CP] Check Pods Manifest.lock */,
				481681871EDD53EE004E3DD0 /* Sources */,
				481681881EDD53EE004E3DD0 /* Frameworks */,
				481681891EDD53EE004E3DD0 /* Resources */,
			);
			buildRules = (
			);
			dependencies = (
				4816818E1EDD53EE004E3DD0 /* PBXTargetDependency */,
			);
			name = ViewComposerTests;
			productName = ViewComposerTests;
			productReference = 4816818B1EDD53EE004E3DD0 /* ViewComposerTests.xctest */;
			productType = "com.apple.product-type.bundle.unit-test";
		};
/* End PBXNativeTarget section */

/* Begin PBXProject section */
		481681791EDD53EE004E3DD0 /* Project object */ = {
			isa = PBXProject;
			attributes = {
				LastSwiftUpdateCheck = 0830;
				LastUpgradeCheck = 0900;
				TargetAttributes = {
					481681811EDD53EE004E3DD0 = {
						CreatedOnToolsVersion = 8.3.2;
						LastSwiftMigration = 0900;
						ProvisioningStyle = Manual;
					};
					4816818A1EDD53EE004E3DD0 = {
						CreatedOnToolsVersion = 8.3.2;
						LastSwiftMigration = 0900;
						ProvisioningStyle = Manual;
					};
				};
			};
			buildConfigurationList = 4816817C1EDD53EE004E3DD0 /* Build configuration list for PBXProject "ViewComposer" */;
			compatibilityVersion = "Xcode 3.2";
			developmentRegion = English;
			hasScannedForEncodings = 0;
			knownRegions = (
				en,
			);
			mainGroup = 481681781EDD53EE004E3DD0;
			productRefGroup = 481681831EDD53EE004E3DD0 /* Products */;
			projectDirPath = "";
			projectRoot = "";
			targets = (
				481681811EDD53EE004E3DD0 /* ViewComposer */,
				4816818A1EDD53EE004E3DD0 /* ViewComposerTests */,
			);
		};
/* End PBXProject section */

/* Begin PBXResourcesBuildPhase section */
		481681801EDD53EE004E3DD0 /* Resources */ = {
			isa = PBXResourcesBuildPhase;
			buildActionMask = 2147483647;
			files = (
			);
			runOnlyForDeploymentPostprocessing = 0;
		};
		481681891EDD53EE004E3DD0 /* Resources */ = {
			isa = PBXResourcesBuildPhase;
			buildActionMask = 2147483647;
			files = (
			);
			runOnlyForDeploymentPostprocessing = 0;
		};
/* End PBXResourcesBuildPhase section */

/* Begin PBXShellScriptBuildPhase section */
		22499DB3A16C7C90A2F5520D /* [CP] Check Pods Manifest.lock */ = {
			isa = PBXShellScriptBuildPhase;
			buildActionMask = 2147483647;
			files = (
			);
			inputPaths = (
				"${PODS_PODFILE_DIR_PATH}/Podfile.lock",
				"${PODS_ROOT}/Manifest.lock",
			);
			name = "[CP] Check Pods Manifest.lock";
			outputPaths = (
				"$(DERIVED_FILE_DIR)/Pods-Framework-ViewComposerTests-checkManifestLockResult.txt",
			);
			runOnlyForDeploymentPostprocessing = 0;
			shellPath = /bin/sh;
			shellScript = "diff \"${PODS_PODFILE_DIR_PATH}/Podfile.lock\" \"${PODS_ROOT}/Manifest.lock\" > /dev/null\nif [ $? != 0 ] ; then\n    # print error to STDERR\n    echo \"error: The sandbox is not in sync with the Podfile.lock. Run 'pod install' or update your CocoaPods installation.\" >&2\n    exit 1\nfi\n# This output is used by Xcode 'outputs' to avoid re-running this script phase.\necho \"SUCCESS\" > \"${SCRIPT_OUTPUT_FILE_0}\"\n";
			showEnvVarsInLog = 0;
		};
		4822A14C1EF29281005B8F77 /* SwiftLint */ = {
			isa = PBXShellScriptBuildPhase;
			buildActionMask = 2147483647;
			files = (
			);
			inputPaths = (
			);
			name = SwiftLint;
			outputPaths = (
			);
			runOnlyForDeploymentPostprocessing = 0;
			shellPath = /bin/sh;
			shellScript = "\"${PODS_ROOT}/SwiftLint/swiftlint\"";
		};
		FFC368742640B841E0243240 /* [CP] Check Pods Manifest.lock */ = {
			isa = PBXShellScriptBuildPhase;
			buildActionMask = 2147483647;
			files = (
			);
			inputPaths = (
				"${PODS_PODFILE_DIR_PATH}/Podfile.lock",
				"${PODS_ROOT}/Manifest.lock",
			);
			name = "[CP] Check Pods Manifest.lock";
			outputPaths = (
				"$(DERIVED_FILE_DIR)/Pods-Framework-ViewComposer-checkManifestLockResult.txt",
			);
			runOnlyForDeploymentPostprocessing = 0;
			shellPath = /bin/sh;
			shellScript = "diff \"${PODS_PODFILE_DIR_PATH}/Podfile.lock\" \"${PODS_ROOT}/Manifest.lock\" > /dev/null\nif [ $? != 0 ] ; then\n    # print error to STDERR\n    echo \"error: The sandbox is not in sync with the Podfile.lock. Run 'pod install' or update your CocoaPods installation.\" >&2\n    exit 1\nfi\n# This output is used by Xcode 'outputs' to avoid re-running this script phase.\necho \"SUCCESS\" > \"${SCRIPT_OUTPUT_FILE_0}\"\n";
			showEnvVarsInLog = 0;
		};
/* End PBXShellScriptBuildPhase section */

/* Begin PBXSourcesBuildPhase section */
		4816817D1EDD53EE004E3DD0 /* Sources */ = {
			isa = PBXSourcesBuildPhase;
			buildActionMask = 2147483647;
			files = (
				486A4F7E2095D6C60059ADAE /* TableViewAttribute+Names.swift in Sources */,
				482B414A2091286800654FA7 /* LabelAttribute+Attributes.swift in Sources */,
				482B414E2091286800654FA7 /* TextFieldAttribute+Names.swift in Sources */,
				48DF45812092842900ED4326 /* TextViewAttribute.swift in Sources */,
				48013B422093545F0080BB4F /* CollectionViewAttribute.swift in Sources */,
				482B41492091286800654FA7 /* LabelAttribute.swift in Sources */,
				482B41452091286800654FA7 /* UILabel+Makeable.swift in Sources */,
				482B41432091286800654FA7 /* Makeable.swift in Sources */,
				48F17C2D2091AEC400C070B2 /* MergeOperatorReturningStyle.swift in Sources */,
				48013B462093549E0080BB4F /* CollectionViewAttribute+Names.swift in Sources */,
				486A4F752095D5C90059ADAE /* UITableView+MakeableByProxy.swift in Sources */,
				48DF4585209284BE00ED4326 /* TextViewAttribute+Names.swift in Sources */,
				486A4F7C2095D69E0059ADAE /* TableViewAttribute+Attributes.swift in Sources */,
				486A4F872095DB3A0059ADAE /* TableView.swift in Sources */,
				486A4F772095D5E60059ADAE /* TableViewStyle.swift in Sources */,
				48013B44209354800080BB4F /* CollectionViewAttribute+Attributes.swift in Sources */,
				48F17C2C2091AAAA00C070B2 /* OperatorDeclaration.swift in Sources */,
				48BAB506209334F000D5B03C /* FatalErrorUtil.swift in Sources */,
				482B41472091286800654FA7 /* StackViewAttribute+Attributes.swift in Sources */,
				48DF458A2092852200ED4326 /* TextOwner.swift in Sources */,
				482B414C2091286800654FA7 /* TextFieldAttribute+Attributes.swift in Sources */,
				486A4F7A2095D64C0059ADAE /* TableViewAttribute.swift in Sources */,
				482B414F2091286800654FA7 /* BaseAttributeProtocol.swift in Sources */,
				482B41442091286800654FA7 /* UIStackView+Makeable.swift in Sources */,
				482B41462091286800654FA7 /* StackViewAttribute+Names.swift in Sources */,
				48013B3F2093543A0080BB4F /* CollectionViewStyle.swift in Sources */,
				48CC57692091A78C001EB1DB /* ConvenienceAttributes.swift in Sources */,
				482B41512091286800654FA7 /* BaseAttribute+Names.swift in Sources */,
				48BAB4F9209330AE00D5B03C /* StyleProtocol.swift in Sources */,
				48013B472093597B0080BB4F /* Macros.swift in Sources */,
				482B414D2091286800654FA7 /* TextFieldAttribute.swift in Sources */,
				482B41422091286800654FA7 /* ViewStyle.swift in Sources */,
				482B41522091286800654FA7 /* BaseAttribute.swift in Sources */,
				482B413E2091286800654FA7 /* UIView_Extension.swift in Sources */,
				48CC576B2091A7B9001EB1DB /* ConvenienceAttributes+Names.swift in Sources */,
				48013B3920934A870080BB4F /* UICollectionView+MakeableByProxy.swift in Sources */,
				4868BECA20936A1000B9085D /* CollectionView.swift in Sources */,
				482B41402091286800654FA7 /* TextFieldStyle.swift in Sources */,
				48DF458C2092853700ED4326 /* TextOwner+Attributes.swift in Sources */,
				482B41502091286800654FA7 /* BaseAttribute+Attributes.swift in Sources */,
				48DF458E2092854400ED4326 /* TextOwner+Names.swift in Sources */,
				482B41482091286800654FA7 /* StackViewAttribute.swift in Sources */,
				48DF45832092845300ED4326 /* TextViewAttribute+Attributes.swift in Sources */,
				482B41412091286800654FA7 /* StackViewStyle.swift in Sources */,
				482B413F2091286800654FA7 /* LabelStyle.swift in Sources */,
				482B41532091286800654FA7 /* Styleable.swift in Sources */,
				482B413D2091286800654FA7 /* Array.swift in Sources */,
				482B414B2091286800654FA7 /* LabelAttribute+Names.swift in Sources */,
			);
			runOnlyForDeploymentPostprocessing = 0;
		};
		481681871EDD53EE004E3DD0 /* Sources */ = {
			isa = PBXSourcesBuildPhase;
			buildActionMask = 2147483647;
			files = (
				48BAB4FC2093324800D5B03C /* Style+Testing.swift in Sources */,
				486A4F842095D8400059ADAE /* UITableView_Style_Tests.swift in Sources */,
				48BAB503209333D600D5B03C /* UIColor+Test.swift in Sources */,
				48BAB502209333D000D5B03C /* TestUtils.swift in Sources */,
				48013B3D209353D30080BB4F /* CollectionViewStyleTests.swift in Sources */,
				48F17C242091A93100C070B2 /* ViewStyleTests.swift in Sources */,
				486A4F852095D8450059ADAE /* UITableView_Makeable_Tests.swift in Sources */,
			);
			runOnlyForDeploymentPostprocessing = 0;
		};
/* End PBXSourcesBuildPhase section */

/* Begin PBXTargetDependency section */
		4816818E1EDD53EE004E3DD0 /* PBXTargetDependency */ = {
			isa = PBXTargetDependency;
			target = 481681811EDD53EE004E3DD0 /* ViewComposer */;
			targetProxy = 4816818D1EDD53EE004E3DD0 /* PBXContainerItemProxy */;
		};
/* End PBXTargetDependency section */

/* Begin XCBuildConfiguration section */
		481681941EDD53EE004E3DD0 /* Debug */ = {
			isa = XCBuildConfiguration;
			baseConfigurationReference = 482B41E720912BBF00654FA7 /* ViewComposer-Debug.xcconfig */;
			buildSettings = {
			};
			name = Debug;
		};
		481681951EDD53EE004E3DD0 /* Release */ = {
			isa = XCBuildConfiguration;
			baseConfigurationReference = 482B41E520912BBF00654FA7 /* ViewComposer-Release.xcconfig */;
			buildSettings = {
			};
			name = Release;
		};
		481681971EDD53EE004E3DD0 /* Debug */ = {
			isa = XCBuildConfiguration;
			baseConfigurationReference = 482B41E720912BBF00654FA7 /* ViewComposer-Debug.xcconfig */;
			buildSettings = {
			};
			name = Debug;
		};
		481681981EDD53EE004E3DD0 /* Release */ = {
			isa = XCBuildConfiguration;
			baseConfigurationReference = 482B41E520912BBF00654FA7 /* ViewComposer-Release.xcconfig */;
			buildSettings = {
			};
			name = Release;
		};
		4816819A1EDD53EE004E3DD0 /* Debug */ = {
			isa = XCBuildConfiguration;
			baseConfigurationReference = 482B41E120912B9B00654FA7 /* ViewComposerTests-Debug.xcconfig */;
			buildSettings = {
			};
			name = Debug;
		};
		4816819B1EDD53EE004E3DD0 /* Release */ = {
			isa = XCBuildConfiguration;
			baseConfigurationReference = 482B41E220912B9B00654FA7 /* ViewComposerTests-Release.xcconfig */;
			buildSettings = {
			};
			name = Release;
		};
/* End XCBuildConfiguration section */

/* Begin XCConfigurationList section */
		4816817C1EDD53EE004E3DD0 /* Build configuration list for PBXProject "ViewComposer" */ = {
			isa = XCConfigurationList;
			buildConfigurations = (
				481681941EDD53EE004E3DD0 /* Debug */,
				481681951EDD53EE004E3DD0 /* Release */,
			);
			defaultConfigurationIsVisible = 0;
			defaultConfigurationName = Release;
		};
		481681961EDD53EE004E3DD0 /* Build configuration list for PBXNativeTarget "ViewComposer" */ = {
			isa = XCConfigurationList;
			buildConfigurations = (
				481681971EDD53EE004E3DD0 /* Debug */,
				481681981EDD53EE004E3DD0 /* Release */,
			);
			defaultConfigurationIsVisible = 0;
			defaultConfigurationName = Release;
		};
		481681991EDD53EE004E3DD0 /* Build configuration list for PBXNativeTarget "ViewComposerTests" */ = {
			isa = XCConfigurationList;
			buildConfigurations = (
				4816819A1EDD53EE004E3DD0 /* Debug */,
				4816819B1EDD53EE004E3DD0 /* Release */,
			);
			defaultConfigurationIsVisible = 0;
			defaultConfigurationName = Release;
		};
/* End XCConfigurationList section */
	};
	rootObject = 481681791EDD53EE004E3DD0 /* Project object */;
}
